
Microsoft Visual Studio Solution File, Format Version 12.00
# Visual Studio Version 16
VisualStudioVersion = 16.0.30717.126
MinimumVisualStudioVersion = 10.0.40219.1
Project("{FAE04EC0-301F-11D3-BF4B-00C04F79EFBC}") = "IndianStateCensesAnalyser", "IndianStateCensesAnalyser\IndianStateCensesAnalyser.csproj", "{40327887-95FB-423B-A3ED-E3D45946E8C5}"
EndProject
Project("{FAE04EC0-301F-11D3-BF4B-00C04F79EFBC}") = "IndianStateCensusAnalyserTest", "IndianStateCensusAnalyserTest\IndianStateCensusAnalyserTest.csproj", "{1FE7BF79-451F-464C-BADB-7F503EE128CF}"
EndProject
Global
	GlobalSection(SolutionConfigurationPlatforms) = preSolution
		Debug|Any CPU = Debug|Any CPU
		Release|Any CPU = Release|Any CPU
	EndGlobalSection
	GlobalSection(ProjectConfigurationPlatforms) = postSolution
		{40327887-95FB-423B-A3ED-E3D45946E8C5}.Debug|Any CPU.ActiveCfg = Debug|Any CPU
		{40327887-95FB-423B-A3ED-E3D45946E8C5}.Debug|Any CPU.Build.0 = Debug|Any CPU
		{40327887-95FB-423B-A3ED-E3D45946E8C5}.Release|Any CPU.ActiveCfg = Release|Any CPU
		{40327887-95FB-423B-A3ED-E3D45946E8C5}.Release|Any CPU.Build.0 = Release|Any CPU
		{1FE7BF79-451F-464C-BADB-7F503EE128CF}.Debug|Any CPU.ActiveCfg = Debug|Any CPU
		{1FE7BF79-451F-464C-BADB-7F503EE128CF}.Debug|Any CPU.Build.0 = Debug|Any CPU
		{1FE7BF79-451F-464C-BADB-7F503EE128CF}.Release|Any CPU.ActiveCfg = Release|Any CPU
		{1FE7BF79-451F-464C-BADB-7F503EE128CF}.Release|Any CPU.Build.0 = Release|Any CPU
	EndGlobalSection
	GlobalSection(SolutionProperties) = preSolution
		HideSolutionNode = FALSE
	EndGlobalSection
	GlobalSection(ExtensibilityGlobals) = postSolution
		SolutionGuid = {49245F01-0D71-48D7-A141-A365EAD72271}
	EndGlobalSection
EndGlobal
